[[package]]
name = "aesm-client"
version = "0.1.0-rc1"
dependencies = [
 "byteorder 1.2.7 (registry+https://github.com/rust-lang/crates.io-index)",
 "failure 0.1.5 (registry+https://github.com/rust-lang/crates.io-index)",
 "failure_derive 0.1.5 (registry+https://github.com/rust-lang/crates.io-index)",
 "lazy_static 1.2.0 (registry+https://github.com/rust-lang/crates.io-index)",
 "protobuf 1.7.4 (registry+https://github.com/rust-lang/crates.io-index)",
 "protoc-rust 1.7.4 (registry+https://github.com/rust-lang/crates.io-index)",
 "sgx-isa 0.2.0-rc1",
 "sgxs 0.6.0-rc1",
 "unix_socket2 0.5.1 (registry+https://github.com/rust-lang/crates.io-index)",
]

[[package]]
name = "aho-corasick"
version = "0.6.9"
source = "registry+https://github.com/rust-lang/crates.io-index"
dependencies = [
 "memchr 2.1.2 (registry+https://github.com/rust-lang/crates.io-index)",
]

[[package]]
name = "ansi_term"
version = "0.11.0"
source = "registry+https://github.com/rust-lang/crates.io-index"
dependencies = [
 "winapi 0.3.6 (git+https://github.com/parthsane/winapi-rs?branch=enclaveapi)",
]

[[package]]
name = "atty"
version = "0.2.11"
source = "registry+https://github.com/rust-lang/crates.io-index"
dependencies = [
 "libc 0.2.46 (registry+https://github.com/rust-lang/crates.io-index)",
 "termion 1.5.1 (registry+https://github.com/rust-lang/crates.io-index)",
 "winapi 0.3.6 (git+https://github.com/parthsane/winapi-rs?branch=enclaveapi)",
]

[[package]]
name = "autocfg"
version = "0.1.1"
source = "registry+https://github.com/rust-lang/crates.io-index"

[[package]]
name = "backtrace"
version = "0.3.13"
source = "registry+https://github.com/rust-lang/crates.io-index"
dependencies = [
 "autocfg 0.1.1 (registry+https://github.com/rust-lang/crates.io-index)",
 "backtrace-sys 0.1.28 (registry+https://github.com/rust-lang/crates.io-index)",
 "cfg-if 0.1.6 (registry+https://github.com/rust-lang/crates.io-index)",
 "libc 0.2.46 (registry+https://github.com/rust-lang/crates.io-index)",
 "rustc-demangle 0.1.13 (registry+https://github.com/rust-lang/crates.io-index)",
 "winapi 0.3.6 (git+https://github.com/parthsane/winapi-rs?branch=enclaveapi)",
]

[[package]]
name = "backtrace-sys"
version = "0.1.28"
source = "registry+https://github.com/rust-lang/crates.io-index"
dependencies = [
 "cc 1.0.28 (registry+https://github.com/rust-lang/crates.io-index)",
 "libc 0.2.46 (registry+https://github.com/rust-lang/crates.io-index)",
]

[[package]]
name = "bitflags"
version = "0.4.0"
source = "registry+https://github.com/rust-lang/crates.io-index"

[[package]]
name = "bitflags"
version = "1.0.4"
source = "registry+https://github.com/rust-lang/crates.io-index"

[[package]]
name = "broadcast"
version = "0.1.0"
source = "registry+https://github.com/rust-lang/crates.io-index"

[[package]]
name = "byteorder"
version = "1.2.7"
source = "registry+https://github.com/rust-lang/crates.io-index"

[[package]]
name = "cc"
version = "1.0.28"
source = "registry+https://github.com/rust-lang/crates.io-index"

[[package]]
name = "cfg-if"
version = "0.1.6"
source = "registry+https://github.com/rust-lang/crates.io-index"

[[package]]
name = "clap"
version = "2.32.0"
source = "registry+https://github.com/rust-lang/crates.io-index"
dependencies = [
 "ansi_term 0.11.0 (registry+https://github.com/rust-lang/crates.io-index)",
 "atty 0.2.11 (registry+https://github.com/rust-lang/crates.io-index)",
 "bitflags 1.0.4 (registry+https://github.com/rust-lang/crates.io-index)",
 "strsim 0.7.0 (registry+https://github.com/rust-lang/crates.io-index)",
 "textwrap 0.10.0 (registry+https://github.com/rust-lang/crates.io-index)",
 "unicode-width 0.1.5 (registry+https://github.com/rust-lang/crates.io-index)",
 "vec_map 0.8.1 (registry+https://github.com/rust-lang/crates.io-index)",
]

[[package]]
name = "commoncrypto"
version = "0.2.0"
source = "registry+https://github.com/rust-lang/crates.io-index"
dependencies = [
 "commoncrypto-sys 0.2.0 (registry+https://github.com/rust-lang/crates.io-index)",
]

[[package]]
name = "commoncrypto-sys"
version = "0.2.0"
source = "registry+https://github.com/rust-lang/crates.io-index"
dependencies = [
 "libc 0.2.46 (registry+https://github.com/rust-lang/crates.io-index)",
]

[[package]]
name = "compiler_builtins"
version = "0.1.5"
source = "registry+https://github.com/rust-lang/crates.io-index"
dependencies = [
 "cc 1.0.28 (registry+https://github.com/rust-lang/crates.io-index)",
 "rustc-std-workspace-core 1.0.0 (registry+https://github.com/rust-lang/crates.io-index)",
]

[[package]]
name = "crypto-hash"
version = "0.3.3"
source = "registry+https://github.com/rust-lang/crates.io-index"
dependencies = [
 "commoncrypto 0.2.0 (registry+https://github.com/rust-lang/crates.io-index)",
 "hex 0.3.2 (registry+https://github.com/rust-lang/crates.io-index)",
 "openssl 0.10.16 (registry+https://github.com/rust-lang/crates.io-index)",
 "winapi 0.3.6 (git+https://github.com/parthsane/winapi-rs?branch=enclaveapi)",
]

[[package]]
name = "enclave-runner"
version = "0.1.0-rc1"
dependencies = [
 "failure 0.1.5 (registry+https://github.com/rust-lang/crates.io-index)",
 "failure_derive 0.1.5 (registry+https://github.com/rust-lang/crates.io-index)",
 "fnv 1.0.6 (registry+https://github.com/rust-lang/crates.io-index)",
 "fortanix-sgx-abi 0.3.2",
 "openssl 0.10.16 (registry+https://github.com/rust-lang/crates.io-index)",
 "sgx-isa 0.2.0-rc1",
 "sgxs 0.6.0-rc1",
]

[[package]]
name = "failure"
version = "0.1.5"
source = "registry+https://github.com/rust-lang/crates.io-index"
dependencies = [
 "backtrace 0.3.13 (registry+https://github.com/rust-lang/crates.io-index)",
 "failure_derive 0.1.5 (registry+https://github.com/rust-lang/crates.io-index)",
]

[[package]]
name = "failure_derive"
version = "0.1.5"
source = "registry+https://github.com/rust-lang/crates.io-index"
dependencies = [
 "proc-macro2 0.4.24 (registry+https://github.com/rust-lang/crates.io-index)",
 "quote 0.6.10 (registry+https://github.com/rust-lang/crates.io-index)",
 "syn 0.15.24 (registry+https://github.com/rust-lang/crates.io-index)",
 "synstructure 0.10.1 (registry+https://github.com/rust-lang/crates.io-index)",
]

[[package]]
name = "fnv"
version = "1.0.6"
source = "registry+https://github.com/rust-lang/crates.io-index"

[[package]]
name = "foreign-types"
version = "0.3.2"
source = "registry+https://github.com/rust-lang/crates.io-index"
dependencies = [
 "foreign-types-shared 0.1.1 (registry+https://github.com/rust-lang/crates.io-index)",
]

[[package]]
name = "foreign-types-shared"
version = "0.1.1"
source = "registry+https://github.com/rust-lang/crates.io-index"

[[package]]
name = "fortanix-sgx-abi"
version = "0.3.2"
dependencies = [
 "compiler_builtins 0.1.5 (registry+https://github.com/rust-lang/crates.io-index)",
 "rustc-std-workspace-core 1.0.0 (registry+https://github.com/rust-lang/crates.io-index)",
]

[[package]]
name = "fortanix-sgx-tools"
version = "0.1.0-rc1"
dependencies = [
 "aesm-client 0.1.0-rc1",
 "clap 2.32.0 (registry+https://github.com/rust-lang/crates.io-index)",
 "enclave-runner 0.1.0-rc1",
 "failure 0.1.5 (registry+https://github.com/rust-lang/crates.io-index)",
 "sgx-isa 0.2.0-rc1",
 "sgxs 0.6.0-rc1",
 "sgxs-loaders 0.1.0-rc1",
 "xmas-elf 0.6.2 (registry+https://github.com/rust-lang/crates.io-index)",
]

[[package]]
name = "fuchsia-zircon"
version = "0.3.3"
source = "registry+https://github.com/rust-lang/crates.io-index"
dependencies = [
 "bitflags 1.0.4 (registry+https://github.com/rust-lang/crates.io-index)",
 "fuchsia-zircon-sys 0.3.3 (registry+https://github.com/rust-lang/crates.io-index)",
]

[[package]]
name = "fuchsia-zircon-sys"
version = "0.3.3"
source = "registry+https://github.com/rust-lang/crates.io-index"

[[package]]
name = "hex"
version = "0.3.2"
source = "registry+https://github.com/rust-lang/crates.io-index"

[[package]]
name = "lazy_static"
version = "1.2.0"
source = "registry+https://github.com/rust-lang/crates.io-index"

[[package]]
name = "libc"
version = "0.2.46"
source = "registry+https://github.com/rust-lang/crates.io-index"

[[package]]
name = "libloading"
version = "0.5.0"
source = "registry+https://github.com/rust-lang/crates.io-index"
dependencies = [
 "cc 1.0.28 (registry+https://github.com/rust-lang/crates.io-index)",
 "winapi 0.3.6 (git+https://github.com/parthsane/winapi-rs?branch=enclaveapi)",
]

[[package]]
name = "log"
version = "0.4.6"
source = "registry+https://github.com/rust-lang/crates.io-index"
dependencies = [
 "cfg-if 0.1.6 (registry+https://github.com/rust-lang/crates.io-index)",
]

[[package]]
name = "memchr"
version = "2.1.2"
source = "registry+https://github.com/rust-lang/crates.io-index"
dependencies = [
 "cfg-if 0.1.6 (registry+https://github.com/rust-lang/crates.io-index)",
 "libc 0.2.46 (registry+https://github.com/rust-lang/crates.io-index)",
 "version_check 0.1.5 (registry+https://github.com/rust-lang/crates.io-index)",
]

[[package]]
name = "nix"
version = "0.11.0"
source = "registry+https://github.com/rust-lang/crates.io-index"
dependencies = [
 "bitflags 1.0.4 (registry+https://github.com/rust-lang/crates.io-index)",
 "cc 1.0.28 (registry+https://github.com/rust-lang/crates.io-index)",
 "cfg-if 0.1.6 (registry+https://github.com/rust-lang/crates.io-index)",
 "libc 0.2.46 (registry+https://github.com/rust-lang/crates.io-index)",
 "void 1.0.2 (registry+https://github.com/rust-lang/crates.io-index)",
]

[[package]]
name = "num"
version = "0.2.0"
source = "registry+https://github.com/rust-lang/crates.io-index"
dependencies = [
 "num-bigint 0.2.2 (registry+https://github.com/rust-lang/crates.io-index)",
 "num-complex 0.2.1 (registry+https://github.com/rust-lang/crates.io-index)",
 "num-integer 0.1.39 (registry+https://github.com/rust-lang/crates.io-index)",
 "num-iter 0.1.37 (registry+https://github.com/rust-lang/crates.io-index)",
 "num-rational 0.2.1 (registry+https://github.com/rust-lang/crates.io-index)",
 "num-traits 0.2.6 (registry+https://github.com/rust-lang/crates.io-index)",
]

[[package]]
name = "num-bigint"
version = "0.2.2"
source = "registry+https://github.com/rust-lang/crates.io-index"
dependencies = [
 "num-integer 0.1.39 (registry+https://github.com/rust-lang/crates.io-index)",
 "num-traits 0.2.6 (registry+https://github.com/rust-lang/crates.io-index)",
]

[[package]]
name = "num-complex"
version = "0.2.1"
source = "registry+https://github.com/rust-lang/crates.io-index"
dependencies = [
 "num-traits 0.2.6 (registry+https://github.com/rust-lang/crates.io-index)",
]

[[package]]
name = "num-integer"
version = "0.1.39"
source = "registry+https://github.com/rust-lang/crates.io-index"
dependencies = [
 "num-traits 0.2.6 (registry+https://github.com/rust-lang/crates.io-index)",
]

[[package]]
name = "num-iter"
version = "0.1.37"
source = "registry+https://github.com/rust-lang/crates.io-index"
dependencies = [
 "num-integer 0.1.39 (registry+https://github.com/rust-lang/crates.io-index)",
 "num-traits 0.2.6 (registry+https://github.com/rust-lang/crates.io-index)",
]

[[package]]
name = "num-rational"
version = "0.2.1"
source = "registry+https://github.com/rust-lang/crates.io-index"
dependencies = [
 "num-bigint 0.2.2 (registry+https://github.com/rust-lang/crates.io-index)",
 "num-integer 0.1.39 (registry+https://github.com/rust-lang/crates.io-index)",
 "num-traits 0.2.6 (registry+https://github.com/rust-lang/crates.io-index)",
]

[[package]]
name = "num-traits"
version = "0.2.6"
source = "registry+https://github.com/rust-lang/crates.io-index"

[[package]]
name = "openssl"
version = "0.10.16"
source = "registry+https://github.com/rust-lang/crates.io-index"
dependencies = [
 "bitflags 1.0.4 (registry+https://github.com/rust-lang/crates.io-index)",
 "cfg-if 0.1.6 (registry+https://github.com/rust-lang/crates.io-index)",
 "foreign-types 0.3.2 (registry+https://github.com/rust-lang/crates.io-index)",
 "lazy_static 1.2.0 (registry+https://github.com/rust-lang/crates.io-index)",
 "libc 0.2.46 (registry+https://github.com/rust-lang/crates.io-index)",
 "openssl-sys 0.9.40 (registry+https://github.com/rust-lang/crates.io-index)",
]

[[package]]
name = "openssl-sys"
version = "0.9.40"
source = "registry+https://github.com/rust-lang/crates.io-index"
dependencies = [
 "cc 1.0.28 (registry+https://github.com/rust-lang/crates.io-index)",
 "libc 0.2.46 (registry+https://github.com/rust-lang/crates.io-index)",
 "pkg-config 0.3.14 (registry+https://github.com/rust-lang/crates.io-index)",
 "vcpkg 0.2.6 (registry+https://github.com/rust-lang/crates.io-index)",
]

[[package]]
name = "pe"
version = "0.1.1"
source = "registry+https://github.com/rust-lang/crates.io-index"
dependencies = [
 "bitflags 0.4.0 (registry+https://github.com/rust-lang/crates.io-index)",
]

[[package]]
name = "pkg-config"
version = "0.3.14"
source = "registry+https://github.com/rust-lang/crates.io-index"

[[package]]
name = "proc-macro2"
version = "0.4.24"
source = "registry+https://github.com/rust-lang/crates.io-index"
dependencies = [
 "unicode-xid 0.1.0 (registry+https://github.com/rust-lang/crates.io-index)",
]

[[package]]
name = "protobuf"
version = "1.7.4"
source = "registry+https://github.com/rust-lang/crates.io-index"

[[package]]
name = "protoc"
version = "1.7.4"
source = "registry+https://github.com/rust-lang/crates.io-index"
dependencies = [
 "log 0.4.6 (registry+https://github.com/rust-lang/crates.io-index)",
]

[[package]]
name = "protoc-rust"
version = "1.7.4"
source = "registry+https://github.com/rust-lang/crates.io-index"
dependencies = [
 "protobuf 1.7.4 (registry+https://github.com/rust-lang/crates.io-index)",
 "protoc 1.7.4 (registry+https://github.com/rust-lang/crates.io-index)",
 "tempdir 0.3.7 (registry+https://github.com/rust-lang/crates.io-index)",
]

[[package]]
name = "quote"
version = "0.6.10"
source = "registry+https://github.com/rust-lang/crates.io-index"
dependencies = [
 "proc-macro2 0.4.24 (registry+https://github.com/rust-lang/crates.io-index)",
]

[[package]]
name = "rand"
version = "0.4.5"
source = "registry+https://github.com/rust-lang/crates.io-index"
dependencies = [
 "fuchsia-zircon 0.3.3 (registry+https://github.com/rust-lang/crates.io-index)",
 "libc 0.2.46 (registry+https://github.com/rust-lang/crates.io-index)",
 "rand_core 0.3.0 (registry+https://github.com/rust-lang/crates.io-index)",
 "rdrand 0.4.0 (registry+https://github.com/rust-lang/crates.io-index)",
 "winapi 0.3.6 (git+https://github.com/parthsane/winapi-rs?branch=enclaveapi)",
]

[[package]]
name = "rand_core"
version = "0.3.0"
source = "registry+https://github.com/rust-lang/crates.io-index"

[[package]]
name = "rdrand"
version = "0.4.0"
source = "registry+https://github.com/rust-lang/crates.io-index"
dependencies = [
 "rand_core 0.3.0 (registry+https://github.com/rust-lang/crates.io-index)",
]

[[package]]
name = "redox_syscall"
version = "0.1.50"
source = "registry+https://github.com/rust-lang/crates.io-index"

[[package]]
name = "redox_termios"
version = "0.1.1"
source = "registry+https://github.com/rust-lang/crates.io-index"
dependencies = [
 "redox_syscall 0.1.50 (registry+https://github.com/rust-lang/crates.io-index)",
]

[[package]]
name = "regex"
version = "1.1.0"
source = "registry+https://github.com/rust-lang/crates.io-index"
dependencies = [
 "aho-corasick 0.6.9 (registry+https://github.com/rust-lang/crates.io-index)",
 "memchr 2.1.2 (registry+https://github.com/rust-lang/crates.io-index)",
 "regex-syntax 0.6.4 (registry+https://github.com/rust-lang/crates.io-index)",
 "thread_local 0.3.6 (registry+https://github.com/rust-lang/crates.io-index)",
 "utf8-ranges 1.0.2 (registry+https://github.com/rust-lang/crates.io-index)",
]

[[package]]
name = "regex-syntax"
version = "0.6.4"
source = "registry+https://github.com/rust-lang/crates.io-index"
dependencies = [
 "ucd-util 0.1.3 (registry+https://github.com/rust-lang/crates.io-index)",
]

[[package]]
name = "remove_dir_all"
version = "0.5.1"
source = "registry+https://github.com/rust-lang/crates.io-index"
dependencies = [
 "winapi 0.3.6 (git+https://github.com/parthsane/winapi-rs?branch=enclaveapi)",
]

[[package]]
name = "rustc-demangle"
version = "0.1.13"
source = "registry+https://github.com/rust-lang/crates.io-index"

[[package]]
name = "rustc-std-workspace-core"
version = "1.0.0"
source = "registry+https://github.com/rust-lang/crates.io-index"

[[package]]
name = "sgx-isa"
version = "0.2.0-rc1"
dependencies = [
 "bitflags 1.0.4 (registry+https://github.com/rust-lang/crates.io-index)",
]

[[package]]
name = "sgxs"
version = "0.6.0-rc1"
dependencies = [
 "byteorder 1.2.7 (registry+https://github.com/rust-lang/crates.io-index)",
 "crypto-hash 0.3.3 (registry+https://github.com/rust-lang/crates.io-index)",
 "failure 0.1.5 (registry+https://github.com/rust-lang/crates.io-index)",
 "failure_derive 0.1.5 (registry+https://github.com/rust-lang/crates.io-index)",
 "foreign-types 0.3.2 (registry+https://github.com/rust-lang/crates.io-index)",
 "openssl 0.10.16 (registry+https://github.com/rust-lang/crates.io-index)",
 "openssl-sys 0.9.40 (registry+https://github.com/rust-lang/crates.io-index)",
 "sgx-isa 0.2.0-rc1",
 "time 0.1.42 (registry+https://github.com/rust-lang/crates.io-index)",
]

[[package]]
name = "sgxs-loaders"
version = "0.1.0-rc1"
dependencies = [
 "bitflags 1.0.4 (registry+https://github.com/rust-lang/crates.io-index)",
 "failure 0.1.5 (registry+https://github.com/rust-lang/crates.io-index)",
 "failure_derive 0.1.5 (registry+https://github.com/rust-lang/crates.io-index)",
 "libc 0.2.46 (registry+https://github.com/rust-lang/crates.io-index)",
 "libloading 0.5.0 (registry+https://github.com/rust-lang/crates.io-index)",
 "nix 0.11.0 (registry+https://github.com/rust-lang/crates.io-index)",
 "sgx-isa 0.2.0-rc1",
 "sgxs 0.6.0-rc1",
 "winapi 0.3.6 (git+https://github.com/parthsane/winapi-rs?branch=enclaveapi)",
]

[[package]]
name = "sgxs-tools"
version = "0.6.0-rc1"
dependencies = [
 "broadcast 0.1.0 (registry+https://github.com/rust-lang/crates.io-index)",
 "byteorder 1.2.7 (registry+https://github.com/rust-lang/crates.io-index)",
 "clap 2.32.0 (registry+https://github.com/rust-lang/crates.io-index)",
 "crypto-hash 0.3.3 (registry+https://github.com/rust-lang/crates.io-index)",
 "failure 0.1.5 (registry+https://github.com/rust-lang/crates.io-index)",
 "failure_derive 0.1.5 (registry+https://github.com/rust-lang/crates.io-index)",
 "lazy_static 1.2.0 (registry+https://github.com/rust-lang/crates.io-index)",
 "num 0.2.0 (registry+https://github.com/rust-lang/crates.io-index)",
 "openssl 0.10.16 (registry+https://github.com/rust-lang/crates.io-index)",
 "pe 0.1.1 (registry+https://github.com/rust-lang/crates.io-index)",
 "regex 1.1.0 (registry+https://github.com/rust-lang/crates.io-index)",
 "sgx-isa 0.2.0-rc1",
 "sgxs 0.6.0-rc1",
 "sgxs-loaders 0.1.0-rc1",
]

[[package]]
name = "strsim"
version = "0.7.0"
source = "registry+https://github.com/rust-lang/crates.io-index"

[[package]]
name = "syn"
version = "0.15.24"
source = "registry+https://github.com/rust-lang/crates.io-index"
dependencies = [
 "proc-macro2 0.4.24 (registry+https://github.com/rust-lang/crates.io-index)",
 "quote 0.6.10 (registry+https://github.com/rust-lang/crates.io-index)",
 "unicode-xid 0.1.0 (registry+https://github.com/rust-lang/crates.io-index)",
]

[[package]]
name = "synstructure"
version = "0.10.1"
source = "registry+https://github.com/rust-lang/crates.io-index"
dependencies = [
 "proc-macro2 0.4.24 (registry+https://github.com/rust-lang/crates.io-index)",
 "quote 0.6.10 (registry+https://github.com/rust-lang/crates.io-index)",
 "syn 0.15.24 (registry+https://github.com/rust-lang/crates.io-index)",
 "unicode-xid 0.1.0 (registry+https://github.com/rust-lang/crates.io-index)",
]

[[package]]
name = "tempdir"
version = "0.3.7"
source = "registry+https://github.com/rust-lang/crates.io-index"
dependencies = [
 "rand 0.4.5 (registry+https://github.com/rust-lang/crates.io-index)",
 "remove_dir_all 0.5.1 (registry+https://github.com/rust-lang/crates.io-index)",
]

[[package]]
name = "termion"
version = "1.5.1"
source = "registry+https://github.com/rust-lang/crates.io-index"
dependencies = [
 "libc 0.2.46 (registry+https://github.com/rust-lang/crates.io-index)",
 "redox_syscall 0.1.50 (registry+https://github.com/rust-lang/crates.io-index)",
 "redox_termios 0.1.1 (registry+https://github.com/rust-lang/crates.io-index)",
]

[[package]]
name = "textwrap"
version = "0.10.0"
source = "registry+https://github.com/rust-lang/crates.io-index"
dependencies = [
 "unicode-width 0.1.5 (registry+https://github.com/rust-lang/crates.io-index)",
]

[[package]]
name = "thread_local"
version = "0.3.6"
source = "registry+https://github.com/rust-lang/crates.io-index"
dependencies = [
 "lazy_static 1.2.0 (registry+https://github.com/rust-lang/crates.io-index)",
]

[[package]]
name = "time"
version = "0.1.42"
source = "registry+https://github.com/rust-lang/crates.io-index"
dependencies = [
 "libc 0.2.46 (registry+https://github.com/rust-lang/crates.io-index)",
 "redox_syscall 0.1.50 (registry+https://github.com/rust-lang/crates.io-index)",
 "winapi 0.3.6 (git+https://github.com/parthsane/winapi-rs?branch=enclaveapi)",
]

[[package]]
name = "ucd-util"
version = "0.1.3"
source = "registry+https://github.com/rust-lang/crates.io-index"

[[package]]
name = "unicode-width"
version = "0.1.5"
source = "registry+https://github.com/rust-lang/crates.io-index"

[[package]]
name = "unicode-xid"
version = "0.1.0"
source = "registry+https://github.com/rust-lang/crates.io-index"

[[package]]
name = "unix_socket2"
version = "0.5.1"
source = "registry+https://github.com/rust-lang/crates.io-index"
dependencies = [
 "libc 0.2.46 (registry+https://github.com/rust-lang/crates.io-index)",
]

[[package]]
name = "utf8-ranges"
version = "1.0.2"
source = "registry+https://github.com/rust-lang/crates.io-index"

[[package]]
name = "vcpkg"
version = "0.2.6"
source = "registry+https://github.com/rust-lang/crates.io-index"

[[package]]
name = "vec_map"
version = "0.8.1"
source = "registry+https://github.com/rust-lang/crates.io-index"

[[package]]
name = "version_check"
version = "0.1.5"
source = "registry+https://github.com/rust-lang/crates.io-index"

[[package]]
name = "void"
version = "1.0.2"
source = "registry+https://github.com/rust-lang/crates.io-index"

[[package]]
name = "winapi"
version = "0.3.6"
source = "git+https://github.com/parthsane/winapi-rs?branch=enclaveapi#067bf379e8d57a88ba15f44f960170e796a3df39"
dependencies = [
 "winapi-i686-pc-windows-gnu 0.4.0 (git+https://github.com/parthsane/winapi-rs?branch=enclaveapi)",
 "winapi-x86_64-pc-windows-gnu 0.4.0 (git+https://github.com/parthsane/winapi-rs?branch=enclaveapi)",
]

[[package]]
name = "winapi-i686-pc-windows-gnu"
version = "0.4.0"
source = "git+https://github.com/parthsane/winapi-rs?branch=enclaveapi#067bf379e8d57a88ba15f44f960170e796a3df39"

[[package]]
name = "winapi-x86_64-pc-windows-gnu"
version = "0.4.0"
source = "git+https://github.com/parthsane/winapi-rs?branch=enclaveapi#067bf379e8d57a88ba15f44f960170e796a3df39"

[[package]]
name = "xmas-elf"
version = "0.6.2"
source = "registry+https://github.com/rust-lang/crates.io-index"
dependencies = [
 "zero 0.1.2 (registry+https://github.com/rust-lang/crates.io-index)",
]

[[package]]
name = "zero"
version = "0.1.2"
source = "registry+https://github.com/rust-lang/crates.io-index"

[metadata]
"checksum aho-corasick 0.6.9 (registry+https://github.com/rust-lang/crates.io-index)" = "1e9a933f4e58658d7b12defcf96dc5c720f20832deebe3e0a19efd3b6aaeeb9e"
"checksum ansi_term 0.11.0 (registry+https://github.com/rust-lang/crates.io-index)" = "ee49baf6cb617b853aa8d93bf420db2383fab46d314482ca2803b40d5fde979b"
"checksum atty 0.2.11 (registry+https://github.com/rust-lang/crates.io-index)" = "9a7d5b8723950951411ee34d271d99dddcc2035a16ab25310ea2c8cfd4369652"
"checksum autocfg 0.1.1 (registry+https://github.com/rust-lang/crates.io-index)" = "4e5f34df7a019573fb8bdc7e24a2bfebe51a2a1d6bfdbaeccedb3c41fc574727"
"checksum backtrace 0.3.13 (registry+https://github.com/rust-lang/crates.io-index)" = "b5b493b66e03090ebc4343eb02f94ff944e0cbc9ac6571491d170ba026741eb5"
"checksum backtrace-sys 0.1.28 (registry+https://github.com/rust-lang/crates.io-index)" = "797c830ac25ccc92a7f8a7b9862bde440715531514594a6154e3d4a54dd769b6"
"checksum bitflags 0.4.0 (registry+https://github.com/rust-lang/crates.io-index)" = "8dead7461c1127cf637931a1e50934eb6eee8bff2f74433ac7909e9afcee04a3"
"checksum bitflags 1.0.4 (registry+https://github.com/rust-lang/crates.io-index)" = "228047a76f468627ca71776ecdebd732a3423081fcf5125585bcd7c49886ce12"
"checksum broadcast 0.1.0 (registry+https://github.com/rust-lang/crates.io-index)" = "fb214f702da3cc6aa1666520f40ea66f506644db5e1065be4bbc972f7ec3750b"
"checksum byteorder 1.2.7 (registry+https://github.com/rust-lang/crates.io-index)" = "94f88df23a25417badc922ab0f5716cc1330e87f71ddd9203b3a3ccd9cedf75d"
"checksum cc 1.0.28 (registry+https://github.com/rust-lang/crates.io-index)" = "bb4a8b715cb4597106ea87c7c84b2f1d452c7492033765df7f32651e66fcf749"
"checksum cfg-if 0.1.6 (registry+https://github.com/rust-lang/crates.io-index)" = "082bb9b28e00d3c9d39cc03e64ce4cea0f1bb9b3fde493f0cbc008472d22bdf4"
"checksum clap 2.32.0 (registry+https://github.com/rust-lang/crates.io-index)" = "b957d88f4b6a63b9d70d5f454ac8011819c6efa7727858f458ab71c756ce2d3e"
"checksum commoncrypto 0.2.0 (registry+https://github.com/rust-lang/crates.io-index)" = "d056a8586ba25a1e4d61cb090900e495952c7886786fc55f909ab2f819b69007"
"checksum commoncrypto-sys 0.2.0 (registry+https://github.com/rust-lang/crates.io-index)" = "1fed34f46747aa73dfaa578069fd8279d2818ade2b55f38f22a9401c7f4083e2"
"checksum compiler_builtins 0.1.5 (registry+https://github.com/rust-lang/crates.io-index)" = "6711d51cb46744dd8305293cc3fbc392aaff7a8f5095a7c4fae1e5113ef07c96"
"checksum crypto-hash 0.3.3 (registry+https://github.com/rust-lang/crates.io-index)" = "20ff87d28defc77c9980a5b81cae1a33c791dd0ead8af0cee0833eb98c8305b9"
"checksum failure 0.1.5 (registry+https://github.com/rust-lang/crates.io-index)" = "795bd83d3abeb9220f257e597aa0080a508b27533824adf336529648f6abf7e2"
"checksum failure_derive 0.1.5 (registry+https://github.com/rust-lang/crates.io-index)" = "ea1063915fd7ef4309e222a5a07cf9c319fb9c7836b1f89b85458672dbb127e1"
"checksum fnv 1.0.6 (registry+https://github.com/rust-lang/crates.io-index)" = "2fad85553e09a6f881f739c29f0b00b0f01357c743266d478b68951ce23285f3"
"checksum foreign-types 0.3.2 (registry+https://github.com/rust-lang/crates.io-index)" = "f6f339eb8adc052cd2ca78910fda869aefa38d22d5cb648e6485e4d3fc06f3b1"
"checksum foreign-types-shared 0.1.1 (registry+https://github.com/rust-lang/crates.io-index)" = "00b0228411908ca8685dba7fc2cdd70ec9990a6e753e89b6ac91a84c40fbaf4b"
"checksum fuchsia-zircon 0.3.3 (registry+https://github.com/rust-lang/crates.io-index)" = "2e9763c69ebaae630ba35f74888db465e49e259ba1bc0eda7d06f4a067615d82"
"checksum fuchsia-zircon-sys 0.3.3 (registry+https://github.com/rust-lang/crates.io-index)" = "3dcaa9ae7725d12cdb85b3ad99a434db70b468c09ded17e012d86b5c1010f7a7"
"checksum hex 0.3.2 (registry+https://github.com/rust-lang/crates.io-index)" = "805026a5d0141ffc30abb3be3173848ad46a1b1664fe632428479619a3644d77"
"checksum lazy_static 1.2.0 (registry+https://github.com/rust-lang/crates.io-index)" = "a374c89b9db55895453a74c1e38861d9deec0b01b405a82516e9d5de4820dea1"
"checksum libc 0.2.46 (registry+https://github.com/rust-lang/crates.io-index)" = "023a4cd09b2ff695f9734c1934145a315594b7986398496841c7031a5a1bbdbd"
"checksum libloading 0.5.0 (registry+https://github.com/rust-lang/crates.io-index)" = "9c3ad660d7cb8c5822cd83d10897b0f1f1526792737a179e73896152f85b88c2"
"checksum log 0.4.6 (registry+https://github.com/rust-lang/crates.io-index)" = "c84ec4b527950aa83a329754b01dbe3f58361d1c5efacd1f6d68c494d08a17c6"
"checksum memchr 2.1.2 (registry+https://github.com/rust-lang/crates.io-index)" = "db4c41318937f6e76648f42826b1d9ade5c09cafb5aef7e351240a70f39206e9"
"checksum nix 0.11.0 (registry+https://github.com/rust-lang/crates.io-index)" = "d37e713a259ff641624b6cb20e3b12b2952313ba36b6823c0f16e6cfd9e5de17"
"checksum num 0.2.0 (registry+https://github.com/rust-lang/crates.io-index)" = "cf4825417e1e1406b3782a8ce92f4d53f26ec055e3622e1881ca8e9f5f9e08db"
"checksum num-bigint 0.2.2 (registry+https://github.com/rust-lang/crates.io-index)" = "57450397855d951f1a41305e54851b1a7b8f5d2e349543a02a2effe25459f718"
"checksum num-complex 0.2.1 (registry+https://github.com/rust-lang/crates.io-index)" = "107b9be86cd2481930688277b675b0114578227f034674726605b8a482d8baf8"
"checksum num-integer 0.1.39 (registry+https://github.com/rust-lang/crates.io-index)" = "e83d528d2677f0518c570baf2b7abdcf0cd2d248860b68507bdcb3e91d4c0cea"
"checksum num-iter 0.1.37 (registry+https://github.com/rust-lang/crates.io-index)" = "af3fdbbc3291a5464dc57b03860ec37ca6bf915ed6ee385e7c6c052c422b2124"
"checksum num-rational 0.2.1 (registry+https://github.com/rust-lang/crates.io-index)" = "4e96f040177bb3da242b5b1ecf3f54b5d5af3efbbfb18608977a5d2767b22f10"
"checksum num-traits 0.2.6 (registry+https://github.com/rust-lang/crates.io-index)" = "0b3a5d7cc97d6d30d8b9bc8fa19bf45349ffe46241e8816f50f62f6d6aaabee1"
"checksum openssl 0.10.16 (registry+https://github.com/rust-lang/crates.io-index)" = "ec7bd7ca4cce6dbdc77e7c1230682740d307d1218a87fb0349a571272be749f9"
"checksum openssl-sys 0.9.40 (registry+https://github.com/rust-lang/crates.io-index)" = "1bb974e77de925ef426b6bc82fce15fd45bdcbeb5728bffcfc7cdeeb7ce1c2d6"
"checksum pe 0.1.1 (registry+https://github.com/rust-lang/crates.io-index)" = "de31e953ee9f97fce65decc96536d4df6a9ac7e51e13e2b635aae46e507b9048"
"checksum pkg-config 0.3.14 (registry+https://github.com/rust-lang/crates.io-index)" = "676e8eb2b1b4c9043511a9b7bea0915320d7e502b0a079fb03f9635a5252b18c"
"checksum proc-macro2 0.4.24 (registry+https://github.com/rust-lang/crates.io-index)" = "77619697826f31a02ae974457af0b29b723e5619e113e9397b8b82c6bd253f09"
"checksum protobuf 1.7.4 (registry+https://github.com/rust-lang/crates.io-index)" = "52fbc45bf6709565e44ef31847eb7407b3c3c80af811ee884a04da071dcca12b"
"checksum protoc 1.7.4 (registry+https://github.com/rust-lang/crates.io-index)" = "ad0f6d6911ee5a10a078099476f1c573894a8b90e86701a6a7a3bd66bfe75749"
"checksum protoc-rust 1.7.4 (registry+https://github.com/rust-lang/crates.io-index)" = "31e894f64966af9641e9c2b2bfa3a4c00216eea2a226034f6bc609d23d6df740"
"checksum quote 0.6.10 (registry+https://github.com/rust-lang/crates.io-index)" = "53fa22a1994bd0f9372d7a816207d8a2677ad0325b073f5c5332760f0fb62b5c"
"checksum rand 0.4.5 (registry+https://github.com/rust-lang/crates.io-index)" = "dee497e66d8d76bf08ce20c8d36e16f93749ab0bf89975b4f8ae5cee660c2da2"
"checksum rand_core 0.3.0 (registry+https://github.com/rust-lang/crates.io-index)" = "0905b6b7079ec73b314d4c748701f6931eb79fd97c668caa3f1899b22b32c6db"
"checksum rdrand 0.4.0 (registry+https://github.com/rust-lang/crates.io-index)" = "678054eb77286b51581ba43620cc911abf02758c91f93f479767aed0f90458b2"
"checksum redox_syscall 0.1.50 (registry+https://github.com/rust-lang/crates.io-index)" = "52ee9a534dc1301776eff45b4fa92d2c39b1d8c3d3357e6eb593e0d795506fc2"
"checksum redox_termios 0.1.1 (registry+https://github.com/rust-lang/crates.io-index)" = "7e891cfe48e9100a70a3b6eb652fef28920c117d366339687bd5576160db0f76"
"checksum regex 1.1.0 (registry+https://github.com/rust-lang/crates.io-index)" = "37e7cbbd370869ce2e8dff25c7018702d10b21a20ef7135316f8daecd6c25b7f"
"checksum regex-syntax 0.6.4 (registry+https://github.com/rust-lang/crates.io-index)" = "4e47a2ed29da7a9e1960e1639e7a982e6edc6d49be308a3b02daf511504a16d1"
"checksum remove_dir_all 0.5.1 (registry+https://github.com/rust-lang/crates.io-index)" = "3488ba1b9a2084d38645c4c08276a1752dcbf2c7130d74f1569681ad5d2799c5"
"checksum rustc-demangle 0.1.13 (registry+https://github.com/rust-lang/crates.io-index)" = "adacaae16d02b6ec37fdc7acfcddf365978de76d1983d3ee22afc260e1ca9619"
"checksum rustc-std-workspace-core 1.0.0 (registry+https://github.com/rust-lang/crates.io-index)" = "1956f5517128a2b6f23ab2dadf1a976f4f5b27962e7724c2bf3d45e539ec098c"
"checksum strsim 0.7.0 (registry+https://github.com/rust-lang/crates.io-index)" = "bb4f380125926a99e52bc279241539c018323fab05ad6368b56f93d9369ff550"
"checksum syn 0.15.24 (registry+https://github.com/rust-lang/crates.io-index)" = "734ecc29cd36e8123850d9bf21dfd62ef8300aaa8f879aabaa899721808be37c"
"checksum synstructure 0.10.1 (registry+https://github.com/rust-lang/crates.io-index)" = "73687139bf99285483c96ac0add482c3776528beac1d97d444f6e91f203a2015"
"checksum tempdir 0.3.7 (registry+https://github.com/rust-lang/crates.io-index)" = "15f2b5fb00ccdf689e0149d1b1b3c03fead81c2b37735d812fa8bddbbf41b6d8"
"checksum termion 1.5.1 (registry+https://github.com/rust-lang/crates.io-index)" = "689a3bdfaab439fd92bc87df5c4c78417d3cbe537487274e9b0b2dce76e92096"
"checksum textwrap 0.10.0 (registry+https://github.com/rust-lang/crates.io-index)" = "307686869c93e71f94da64286f9a9524c0f308a9e1c87a583de8e9c9039ad3f6"
"checksum thread_local 0.3.6 (registry+https://github.com/rust-lang/crates.io-index)" = "c6b53e329000edc2b34dbe8545fd20e55a333362d0a321909685a19bd28c3f1b"
"checksum time 0.1.42 (registry+https://github.com/rust-lang/crates.io-index)" = "db8dcfca086c1143c9270ac42a2bbd8a7ee477b78ac8e45b19abfb0cbede4b6f"
"checksum ucd-util 0.1.3 (registry+https://github.com/rust-lang/crates.io-index)" = "535c204ee4d8434478593480b8f86ab45ec9aae0e83c568ca81abf0fd0e88f86"
"checksum unicode-width 0.1.5 (registry+https://github.com/rust-lang/crates.io-index)" = "882386231c45df4700b275c7ff55b6f3698780a650026380e72dabe76fa46526"
"checksum unicode-xid 0.1.0 (registry+https://github.com/rust-lang/crates.io-index)" = "fc72304796d0818e357ead4e000d19c9c174ab23dc11093ac919054d20a6a7fc"
"checksum unix_socket2 0.5.1 (registry+https://github.com/rust-lang/crates.io-index)" = "7e9519c1ca5e520aa78a5d2ff977ea02bc571797be6064865a736c935c07f675"
"checksum utf8-ranges 1.0.2 (registry+https://github.com/rust-lang/crates.io-index)" = "796f7e48bef87609f7ade7e06495a87d5cd06c7866e6a5cbfceffc558a243737"
"checksum vcpkg 0.2.6 (registry+https://github.com/rust-lang/crates.io-index)" = "def296d3eb3b12371b2c7d0e83bfe1403e4db2d7a0bba324a12b21c4ee13143d"
"checksum vec_map 0.8.1 (registry+https://github.com/rust-lang/crates.io-index)" = "05c78687fb1a80548ae3250346c3db86a80a7cdd77bda190189f2d0a0987c81a"
"checksum version_check 0.1.5 (registry+https://github.com/rust-lang/crates.io-index)" = "914b1a6776c4c929a602fafd8bc742e06365d4bcbe48c30f9cca5824f70dc9dd"
"checksum void 1.0.2 (registry+https://github.com/rust-lang/crates.io-index)" = "6a02e4885ed3bc0f2de90ea6dd45ebcbb66dacffe03547fadbb0eeae2770887d"
"checksum winapi 0.3.6 (git+https://github.com/parthsane/winapi-rs?branch=enclaveapi)" = "<none>"
"checksum winapi-i686-pc-windows-gnu 0.4.0 (git+https://github.com/parthsane/winapi-rs?branch=enclaveapi)" = "<none>"
"checksum winapi-x86_64-pc-windows-gnu 0.4.0 (git+https://github.com/parthsane/winapi-rs?branch=enclaveapi)" = "<none>"
"checksum xmas-elf 0.6.2 (registry+https://github.com/rust-lang/crates.io-index)" = "22678df5df766e8d1e5d609da69f0c3132d794edf6ab5e75e7abcd2270d4cf58"
"checksum zero 0.1.2 (registry+https://github.com/rust-lang/crates.io-index)" = "5f1bc8a6b2005884962297587045002d8cfb8dcec9db332f4ca216ddc5de82c5"
